
Microsoft Visual Studio Solution File, Format Version 12.00
# Visual Studio 2012
Project("{FAE04EC0-301F-11D3-BF4B-00C04F79EFBC}") = "EntityFrameworkExtraMile", "EntityFrameworkExtraMile\EntityFrameworkExtraMile.csproj", "{662F4FF4-47C4-499F-B74A-DBCDEAA1202C}"
EndProject
Global
	GlobalSection(SolutionConfigurationPlatforms) = preSolution
		Debug|Any CPU = Debug|Any CPU
		Release|Any CPU = Release|Any CPU
	EndGlobalSection
	GlobalSection(ProjectConfigurationPlatforms) = postSolution
		{662F4FF4-47C4-499F-B74A-DBCDEAA1202C}.Debug|Any CPU.ActiveCfg = Debug|Any CPU
		{662F4FF4-47C4-499F-B74A-DBCDEAA1202C}.Debug|Any CPU.Build.0 = Debug|Any CPU
		{662F4FF4-47C4-499F-B74A-DBCDEAA1202C}.Release|Any CPU.ActiveCfg = Release|Any CPU
		{662F4FF4-47C4-499F-B74A-DBCDEAA1202C}.Release|Any CPU.Build.0 = Release|Any CPU
	EndGlobalSection
	GlobalSection(SolutionProperties) = preSolution
		HideSolutionNode = FALSE
	EndGlobalSection
EndGlobal
